PODS:
  - KMPNativeCoroutinesAsync (1.0.0-ALPHA-4):
    - KMPNativeCoroutinesCore (= 1.0.0-ALPHA-4)
  - KMPNativeCoroutinesCore (1.0.0-ALPHA-4)
  - SwiftFormat/CLI (0.47.13)
  - SwiftLint (0.47.1)

DEPENDENCIES:
  - KMPNativeCoroutinesAsync (= 1.0.0-ALPHA-4)
  - SwiftFormat/CLI (~> 0.47.11)
  - SwiftLint (~> 0.47.1)

SPEC REPOS:
  https://github.com/CocoaPods/Specs.git:
    - KMPNativeCoroutinesAsync
    - KMPNativeCoroutinesCore
    - SwiftFormat
    - SwiftLint

SPEC CHECKSUMS:
  KMPNativeCoroutinesAsync: 70e9edb1cced4433bc4528876d410e21e8364d72
  KMPNativeCoroutinesCore: 205faa08d2486ecc3ac29f88063c858a85b33de7
  SwiftFormat: 73573b89257437c550b03d934889725fbf8f75e5
  SwiftLint: f80f1be7fa96d30e0aa68e58d45d4ea1ccaac519

PODFILE CHECKSUM: d63202ab5f332bafb907dcd47883ae790b672f4e

COCOAPODS: 1.12.0
